
Microsoft Visual Studio Solution File, Format Version 12.00
# Visual Studio 15
VisualStudioVersion = 15.0.27428.2043
MinimumVisualStudioVersion = 10.0.40219.1
Project("{FAE04EC0-301F-11D3-BF4B-00C04F79EFBC}") = "Ecommerce", "Ecommerce\Ecommerce.csproj", "{0B792290-C074-4846-94CB-C54A1643E2CB}"
EndProject
Global
	GlobalSection(SolutionConfigurationPlatforms) = preSolution
		Debug|Any CPU = Debug|Any CPU
		Release|Any CPU = Release|Any CPU
	EndGlobalSection
	GlobalSection(ProjectConfigurationPlatforms) = postSolution
		{0B792290-C074-4846-94CB-C54A1643E2CB}.Debug|Any CPU.ActiveCfg = Debug|Any CPU
		{0B792290-C074-4846-94CB-C54A1643E2CB}.Debug|Any CPU.Build.0 = Debug|Any CPU
		{0B792290-C074-4846-94CB-C54A1643E2CB}.Release|Any CPU.ActiveCfg = Release|Any CPU
		{0B792290-C074-4846-94CB-C54A1643E2CB}.Release|Any CPU.Build.0 = Release|Any CPU
	EndGlobalSection
	GlobalSection(SolutionProperties) = preSolution
		HideSolutionNode = FALSE
	EndGlobalSection
	GlobalSection(ExtensibilityGlobals) = postSolution
		SolutionGuid = {D1FCB634-2459-4CB3-BC52-BF0AAEA2D377}
	EndGlobalSection
EndGlobal
